
Microsoft Visual Studio Solution File, Format Version 12.00
# Visual Studio Version 16
VisualStudioVersion = 16.0.30225.117
MinimumVisualStudioVersion = 10.0.40219.1
Project("{8BC9CEB8-8B4A-11D0-8D11-00A0C91BC942}") = "introduction to STL and generic programming", "introduction to STL and generic programming\introduction to STL and generic programming.vcxproj", "{FAECD4AC-80D9-4A7C-A40A-C84CEF0E2959}"
EndProject
Global
	GlobalSection(SolutionConfigurationPlatforms) = preSolution
		Debug|x64 = Debug|x64
		Debug|x86 = Debug|x86
		Release|x64 = Release|x64
		Release|x86 = Release|x86
	EndGlobalSection
	GlobalSection(ProjectConfigurationPlatforms) = postSolution
		{FAECD4AC-80D9-4A7C-A40A-C84CEF0E2959}.Debug|x64.ActiveCfg = Debug|x64
		{FAECD4AC-80D9-4A7C-A40A-C84CEF0E2959}.Debug|x64.Build.0 = Debug|x64
		{FAECD4AC-80D9-4A7C-A40A-C84CEF0E2959}.Debug|x86.ActiveCfg = Debug|Win32
		{FAECD4AC-80D9-4A7C-A40A-C84CEF0E2959}.Debug|x86.Build.0 = Debug|Win32
		{FAECD4AC-80D9-4A7C-A40A-C84CEF0E2959}.Release|x64.ActiveCfg = Release|x64
		{FAECD4AC-80D9-4A7C-A40A-C84CEF0E2959}.Release|x64.Build.0 = Release|x64
		{FAECD4AC-80D9-4A7C-A40A-C84CEF0E2959}.Release|x86.ActiveCfg = Release|Win32
		{FAECD4AC-80D9-4A7C-A40A-C84CEF0E2959}.Release|x86.Build.0 = Release|Win32
	EndGlobalSection
	GlobalSection(SolutionProperties) = preSolution
		HideSolutionNode = FALSE
	EndGlobalSection
	GlobalSection(ExtensibilityGlobals) = postSolution
		SolutionGuid = {37EEADF6-A666-4A88-9F0B-972E11AC7585}
	EndGlobalSection
EndGlobal
