
Microsoft Visual Studio Solution File, Format Version 12.00
# Visual Studio Version 16
VisualStudioVersion = 16.0.30204.135
MinimumVisualStudioVersion = 10.0.40219.1
Project("{8BC9CEB8-8B4A-11D0-8D11-00A0C91BC942}") = "Shared-pointer-in-smart-pointers", "Shared-pointer-in-smart-pointers\Shared-pointer-in-smart-pointers.vcxproj", "{5C373AEE-9720-4575-A041-12699A350C52}"
EndProject
Global
	GlobalSection(SolutionConfigurationPlatforms) = preSolution
		Debug|x64 = Debug|x64
		Debug|x86 = Debug|x86
		Release|x64 = Release|x64
		Release|x86 = Release|x86
	EndGlobalSection
	GlobalSection(ProjectConfigurationPlatforms) = postSolution
		{5C373AEE-9720-4575-A041-12699A350C52}.Debug|x64.ActiveCfg = Debug|x64
		{5C373AEE-9720-4575-A041-12699A350C52}.Debug|x64.Build.0 = Debug|x64
		{5C373AEE-9720-4575-A041-12699A350C52}.Debug|x86.ActiveCfg = Debug|Win32
		{5C373AEE-9720-4575-A041-12699A350C52}.Debug|x86.Build.0 = Debug|Win32
		{5C373AEE-9720-4575-A041-12699A350C52}.Release|x64.ActiveCfg = Release|x64
		{5C373AEE-9720-4575-A041-12699A350C52}.Release|x64.Build.0 = Release|x64
		{5C373AEE-9720-4575-A041-12699A350C52}.Release|x86.ActiveCfg = Release|Win32
		{5C373AEE-9720-4575-A041-12699A350C52}.Release|x86.Build.0 = Release|Win32
	EndGlobalSection
	GlobalSection(SolutionProperties) = preSolution
		HideSolutionNode = FALSE
	EndGlobalSection
	GlobalSection(ExtensibilityGlobals) = postSolution
		SolutionGuid = {BEFF065D-5939-4241-9715-35987AB954E1}
	EndGlobalSection
EndGlobal
