
Microsoft Visual Studio Solution File, Format Version 12.00
# Visual Studio Version 16
VisualStudioVersion = 16.0.30204.135
MinimumVisualStudioVersion = 10.0.40219.1
Project("{8BC9CEB8-8B4A-11D0-8D11-00A0C91BC942}") = "Inheritance is my favourite", "Inheritance is my favourite\Inheritance is my favourite.vcxproj", "{24EE25DD-3B0C-492B-91D3-EED2E3CFD11D}"
EndProject
Global
	GlobalSection(SolutionConfigurationPlatforms) = preSolution
		Debug|x64 = Debug|x64
		Debug|x86 = Debug|x86
		Release|x64 = Release|x64
		Release|x86 = Release|x86
	EndGlobalSection
	GlobalSection(ProjectConfigurationPlatforms) = postSolution
		{24EE25DD-3B0C-492B-91D3-EED2E3CFD11D}.Debug|x64.ActiveCfg = Debug|x64
		{24EE25DD-3B0C-492B-91D3-EED2E3CFD11D}.Debug|x64.Build.0 = Debug|x64
		{24EE25DD-3B0C-492B-91D3-EED2E3CFD11D}.Debug|x86.ActiveCfg = Debug|Win32
		{24EE25DD-3B0C-492B-91D3-EED2E3CFD11D}.Debug|x86.Build.0 = Debug|Win32
		{24EE25DD-3B0C-492B-91D3-EED2E3CFD11D}.Release|x64.ActiveCfg = Release|x64
		{24EE25DD-3B0C-492B-91D3-EED2E3CFD11D}.Release|x64.Build.0 = Release|x64
		{24EE25DD-3B0C-492B-91D3-EED2E3CFD11D}.Release|x86.ActiveCfg = Release|Win32
		{24EE25DD-3B0C-492B-91D3-EED2E3CFD11D}.Release|x86.Build.0 = Release|Win32
	EndGlobalSection
	GlobalSection(SolutionProperties) = preSolution
		HideSolutionNode = FALSE
	EndGlobalSection
	GlobalSection(ExtensibilityGlobals) = postSolution
		SolutionGuid = {25BB1434-D3D7-4C56-9774-1AE37BB70325}
	EndGlobalSection
EndGlobal
